
Microsoft Visual Studio Solution File, Format Version 12.00
# Visual Studio Version 17
VisualStudioVersion = 17.14.36401.2 d17.14
MinimumVisualStudioVersion = 10.0.40219.1
Project("{C9674DCB-5085-4A16-B785-4C70DD1589BD}") = "ZadaniePakietETL", "ZadaniePakietETL\ZadaniePakietETL.dtproj", "{63404CBA-84F7-9FFA-503D-BDE139D927F9}"
EndProject
Global
	GlobalSection(SolutionConfigurationPlatforms) = preSolution
		Development|Default = Development|Default
	EndGlobalSection
	GlobalSection(ProjectConfigurationPlatforms) = postSolution
		{63404CBA-84F7-9FFA-503D-BDE139D927F9}.Development|Default.ActiveCfg = Development
		{63404CBA-84F7-9FFA-503D-BDE139D927F9}.Development|Default.Build.0 = Development
	EndGlobalSection
	GlobalSection(SolutionProperties) = preSolution
		HideSolutionNode = FALSE
	EndGlobalSection
	GlobalSection(ExtensibilityGlobals) = postSolution
		SolutionGuid = {45F316CD-1180-4424-A119-A1100DB044CB}
	EndGlobalSection
EndGlobal
